{
  "name": "awqat",
  "version": "1.0.0",
  "lockfileVersion": 3,
  "requires": true,
  "packages": {
    "": {
      "name": "awqat",
      "version": "1.0.0",
      "hasInstallScript": true,
      "dependencies": {
        "@emotion/react": "^11.11.0",
        "@emotion/styled": "^11.11.0",
        "@mui/icons-material": "^5.14.0",
        "@mui/material": "^5.14.0",
        "axios": "^1.6.0",
        "leaflet": "^1.9.4",
        "react": "^18.2.0",
        "react-dom": "^18.2.0",
        "react-leaflet": "^4.2.1"
      },
      "devDependencies": {
        "@types/react": "^18.2.37",
        "@types/react-dom": "^18.2.15",
        "@vitejs/plugin-react": "^4.2.0",
        "gh-pages": "^6.1.0",
        "typescript": "^5.2.2",
        "vite": "^5.0.0",
        "vite-plugin-pwa": "^0.18.0",
        "workbox-window": "^7.0.0"
      }
    }
  }
}
